
Microsoft Visual Studio Solution File, Format Version 12.00
# Visual Studio Version 17
VisualStudioVersion = 17.5.33414.496
MinimumVisualStudioVersion = 10.0.40219.1
Project("{8BC9CEB8-8B4A-11D0-8D11-00A0C91BC942}") = "1-10", "1-10.vcxproj", "{FC715BE4-C2C5-465C-8C49-92FA528394A7}"
EndProject
Project("{8BC9CEB8-8B4A-11D0-8D11-00A0C91BC942}") = "1-12", "..\1-12\1-12.vcxproj", "{CFEDC6B9-2F44-46AD-A7C4-013F8FB7255D}"
EndProject
Project("{8BC9CEB8-8B4A-11D0-8D11-00A0C91BC942}") = "1-13", "..\1-13\1-13.vcxproj", "{3D7E2C0E-C5DB-4011-9919-482A1B013109}"
EndProject
Project("{8BC9CEB8-8B4A-11D0-8D11-00A0C91BC942}") = "1-14", "..\1-14\1-14.vcxproj", "{81C8313E-3F59-4B3E-846B-C432F1D07978}"
EndProject
Project("{8BC9CEB8-8B4A-11D0-8D11-00A0C91BC942}") = "1-15", "..\1-15\1-15.vcxproj", "{CEABB968-EF0F-4505-BAEE-ECCA810C9317}"
EndProject
Project("{8BC9CEB8-8B4A-11D0-8D11-00A0C91BC942}") = "1-17", "..\1-17\1-17.vcxproj", "{ECD97403-E42A-45F6-A41E-361057B2AB4B}"
EndProject
Project("{8BC9CEB8-8B4A-11D0-8D11-00A0C91BC942}") = "1-18", "..\1-18\1-18.vcxproj", "{0BE1E661-0648-4DF4-A480-BA79836DEA85}"
EndProject
Project("{8BC9CEB8-8B4A-11D0-8D11-00A0C91BC942}") = "1-19", "..\1-19\1-19.vcxproj", "{AD5C67B9-5527-4E07-97F4-6B142CA19BB4}"
EndProject
Project("{8BC9CEB8-8B4A-11D0-8D11-00A0C91BC942}") = "1-20", "..\1-20\1-20.vcxproj", "{0C60E877-A85F-4F36-B1EA-5D0FF31A3E00}"
EndProject
Project("{8BC9CEB8-8B4A-11D0-8D11-00A0C91BC942}") = "2-01", "..\2-1\2-1.vcxproj", "{5B441F4D-465D-490A-9DAF-13A244965908}"
EndProject
Project("{8BC9CEB8-8B4A-11D0-8D11-00A0C91BC942}") = "4-01", "..\4-1\4-1.vcxproj", "{98785688-7021-4D0F-998F-547B19E3C4ED}"
EndProject
Project("{8BC9CEB8-8B4A-11D0-8D11-00A0C91BC942}") = "4-03", "..\4-3\4-3.vcxproj", "{5C818398-27FA-4519-8060-E9DD44BABDEA}"
EndProject
Project("{8BC9CEB8-8B4A-11D0-8D11-00A0C91BC942}") = "practice_bitwise_operators", "..\try\try.vcxproj", "{59A185DC-4C15-465B-965A-9CE90CD51580}"
EndProject
Project("{8BC9CEB8-8B4A-11D0-8D11-00A0C91BC942}") = "4-13", "..\4-13\4-13.vcxproj", "{F5B6500B-FC7F-4A1C-8C8D-387BD11BB049}"
EndProject
Project("{8BC9CEB8-8B4A-11D0-8D11-00A0C91BC942}") = "4-14", "..\4-14\4-14.vcxproj", "{4B0AAF51-301B-45ED-B9EC-6B3089327B4D}"
EndProject
Project("{8BC9CEB8-8B4A-11D0-8D11-00A0C91BC942}") = "Mmn11-1", "..\Mmn11-1\Mmn11-1.vcxproj", "{B5E4AA2C-1C3E-4E17-9701-47F4C75209C9}"
EndProject
Project("{8BC9CEB8-8B4A-11D0-8D11-00A0C91BC942}") = "Mmn11-2", "..\Mmn11-2\Mmn11-2.vcxproj", "{4C55375A-D23F-4C91-B896-7F8665901449}"
EndProject
Project("{8BC9CEB8-8B4A-11D0-8D11-00A0C91BC942}") = "2-08", "..\2-08\2-08.vcxproj", "{FC7F00B5-ADE5-4653-BAEE-3BC52AE4816B}"
EndProject
Project("{8BC9CEB8-8B4A-11D0-8D11-00A0C91BC942}") = "2-09", "..\2-09\2-09.vcxproj", "{9BBF9B42-AF06-4F02-B48F-E49B72FCDDA6}"
EndProject
Project("{8BC9CEB8-8B4A-11D0-8D11-00A0C91BC942}") = "try_project", "..\try_project\try_project.vcxproj", "{0119BC18-917B-4DFF-B700-4B4681C17B22}"
EndProject
Project("{8BC9CEB8-8B4A-11D0-8D11-00A0C91BC942}") = "5-02", "..\5-2\5-2.vcxproj", "{2EB3123E-BDDC-4BF2-91FC-3D0CC88B6E27}"
EndProject
Project("{8BC9CEB8-8B4A-11D0-8D11-00A0C91BC942}") = "5-03", "..\5-03\5-03.vcxproj", "{7EA8574D-E299-46D4-844D-D89EA42E1C0A}"
EndProject
Project("{8BC9CEB8-8B4A-11D0-8D11-00A0C91BC942}") = "5-05", "..\5-05\5-05.vcxproj", "{2EB5CEA1-D0F5-4403-9EC2-1EE819F9CE1B}"
EndProject
Project("{8BC9CEB8-8B4A-11D0-8D11-00A0C91BC942}") = "5-07", "..\5-07\5-07.vcxproj", "{1EFFBF4C-274A-4C6D-B4EC-93C8EA4C654E}"
EndProject
Project("{8BC9CEB8-8B4A-11D0-8D11-00A0C91BC942}") = "Mmn12-pointers", "..\Mmn12\Mmn12.vcxproj", "{8B1D1AAD-B096-44A8-B16D-CC91D00FF641}"
EndProject
Project("{8BC9CEB8-8B4A-11D0-8D11-00A0C91BC942}") = "5-10", "..\5-10\5-10.vcxproj", "{462F6BB4-9DAF-4741-877C-2417A6A3B18D}"
EndProject
Project("{8BC9CEB8-8B4A-11D0-8D11-00A0C91BC942}") = "Mmn12-structs", "..\Mmn12-copy\Mmn12-copy.vcxproj", "{F08462EF-C957-4FE1-B33A-3FA1E589C95E}"
EndProject
Project("{8BC9CEB8-8B4A-11D0-8D11-00A0C91BC942}") = "5-13", "..\5-13\5-13.vcxproj", "{6728186D-DF1B-4C52-8253-3211966B4A56}"
EndProject
Project("{8BC9CEB8-8B4A-11D0-8D11-00A0C91BC942}") = "practice_typedef", "..\typedef\typedef.vcxproj", "{8524EB47-D1A8-45AE-B871-62FC30409585}"
EndProject
Project("{8BC9CEB8-8B4A-11D0-8D11-00A0C91BC942}") = "Mmn22", "..\Mmn22\Mmn22.vcxproj", "{1478C44B-4A48-4E6A-8F3D-2ACED8E2D81A}"
EndProject
Project("{8BC9CEB8-8B4A-11D0-8D11-00A0C91BC942}") = "7-01", "..\7-01\7-01.vcxproj", "{E4DC0C16-BC5B-4D59-9B2A-BC6CD21F0CCD}"
EndProject
Project("{8BC9CEB8-8B4A-11D0-8D11-00A0C91BC942}") = "7-03", "..\7-03\7-03.vcxproj", "{9AA89400-8C2E-4D60-9952-0F802DD9DE95}"
EndProject
Project("{8BC9CEB8-8B4A-11D0-8D11-00A0C91BC942}") = "7-04", "..\7-04\7-04.vcxproj", "{185E0FFB-0F9F-44EA-BD7B-86E65399B201}"
EndProject
Project("{8BC9CEB8-8B4A-11D0-8D11-00A0C91BC942}") = "7-06", "..\7-06\7-06.vcxproj", "{FD603C09-B9CD-4AFF-BAA1-9A04AE5F747D}"
EndProject
Project("{8BC9CEB8-8B4A-11D0-8D11-00A0C91BC942}") = "8-01", "..\8-01\8-01.vcxproj", "{5206F228-0E03-47ED-A94E-A7D38E14B998}"
EndProject
Global
	GlobalSection(SolutionConfigurationPlatforms) = preSolution
		Debug|x64 = Debug|x64
		Debug|x86 = Debug|x86
		Release|x64 = Release|x64
		Release|x86 = Release|x86
	EndGlobalSection
	GlobalSection(ProjectConfigurationPlatforms) = postSolution
		{FC715BE4-C2C5-465C-8C49-92FA528394A7}.Debug|x64.ActiveCfg = Debug|x64
		{FC715BE4-C2C5-465C-8C49-92FA528394A7}.Debug|x64.Build.0 = Debug|x64
		{FC715BE4-C2C5-465C-8C49-92FA528394A7}.Debug|x86.ActiveCfg = Debug|Win32
		{FC715BE4-C2C5-465C-8C49-92FA528394A7}.Debug|x86.Build.0 = Debug|Win32
		{FC715BE4-C2C5-465C-8C49-92FA528394A7}.Release|x64.ActiveCfg = Release|x64
		{FC715BE4-C2C5-465C-8C49-92FA528394A7}.Release|x64.Build.0 = Release|x64
		{FC715BE4-C2C5-465C-8C49-92FA528394A7}.Release|x86.ActiveCfg = Release|Win32
		{FC715BE4-C2C5-465C-8C49-92FA528394A7}.Release|x86.Build.0 = Release|Win32
		{CFEDC6B9-2F44-46AD-A7C4-013F8FB7255D}.Debug|x64.ActiveCfg = Debug|x64
		{CFEDC6B9-2F44-46AD-A7C4-013F8FB7255D}.Debug|x64.Build.0 = Debug|x64
		{CFEDC6B9-2F44-46AD-A7C4-013F8FB7255D}.Debug|x86.ActiveCfg = Debug|Win32
		{CFEDC6B9-2F44-46AD-A7C4-013F8FB7255D}.Debug|x86.Build.0 = Debug|Win32
		{CFEDC6B9-2F44-46AD-A7C4-013F8FB7255D}.Release|x64.ActiveCfg = Release|x64
		{CFEDC6B9-2F44-46AD-A7C4-013F8FB7255D}.Release|x64.Build.0 = Release|x64
		{CFEDC6B9-2F44-46AD-A7C4-013F8FB7255D}.Release|x86.ActiveCfg = Release|Win32
		{CFEDC6B9-2F44-46AD-A7C4-013F8FB7255D}.Release|x86.Build.0 = Release|Win32
		{3D7E2C0E-C5DB-4011-9919-482A1B013109}.Debug|x64.ActiveCfg = Debug|x64
		{3D7E2C0E-C5DB-4011-9919-482A1B013109}.Debug|x64.Build.0 = Debug|x64
		{3D7E2C0E-C5DB-4011-9919-482A1B013109}.Debug|x86.ActiveCfg = Debug|Win32
		{3D7E2C0E-C5DB-4011-9919-482A1B013109}.Debug|x86.Build.0 = Debug|Win32
		{3D7E2C0E-C5DB-4011-9919-482A1B013109}.Release|x64.ActiveCfg = Release|x64
		{3D7E2C0E-C5DB-4011-9919-482A1B013109}.Release|x64.Build.0 = Release|x64
		{3D7E2C0E-C5DB-4011-9919-482A1B013109}.Release|x86.ActiveCfg = Release|Win32
		{3D7E2C0E-C5DB-4011-9919-482A1B013109}.Release|x86.Build.0 = Release|Win32
		{81C8313E-3F59-4B3E-846B-C432F1D07978}.Debug|x64.ActiveCfg = Debug|x64
		{81C8313E-3F59-4B3E-846B-C432F1D07978}.Debug|x64.Build.0 = Debug|x64
		{81C8313E-3F59-4B3E-846B-C432F1D07978}.Debug|x86.ActiveCfg = Debug|Win32
		{81C8313E-3F59-4B3E-846B-C432F1D07978}.Debug|x86.Build.0 = Debug|Win32
		{81C8313E-3F59-4B3E-846B-C432F1D07978}.Release|x64.ActiveCfg = Release|x64
		{81C8313E-3F59-4B3E-846B-C432F1D07978}.Release|x64.Build.0 = Release|x64
		{81C8313E-3F59-4B3E-846B-C432F1D07978}.Release|x86.ActiveCfg = Release|Win32
		{81C8313E-3F59-4B3E-846B-C432F1D07978}.Release|x86.Build.0 = Release|Win32
		{CEABB968-EF0F-4505-BAEE-ECCA810C9317}.Debug|x64.ActiveCfg = Debug|x64
		{CEABB968-EF0F-4505-BAEE-ECCA810C9317}.Debug|x64.Build.0 = Debug|x64
		{CEABB968-EF0F-4505-BAEE-ECCA810C9317}.Debug|x86.ActiveCfg = Debug|Win32
		{CEABB968-EF0F-4505-BAEE-ECCA810C9317}.Debug|x86.Build.0 = Debug|Win32
		{CEABB968-EF0F-4505-BAEE-ECCA810C9317}.Release|x64.ActiveCfg = Release|x64
		{CEABB968-EF0F-4505-BAEE-ECCA810C9317}.Release|x64.Build.0 = Release|x64
		{CEABB968-EF0F-4505-BAEE-ECCA810C9317}.Release|x86.ActiveCfg = Release|Win32
		{CEABB968-EF0F-4505-BAEE-ECCA810C9317}.Release|x86.Build.0 = Release|Win32
		{ECD97403-E42A-45F6-A41E-361057B2AB4B}.Debug|x64.ActiveCfg = Debug|x64
		{ECD97403-E42A-45F6-A41E-361057B2AB4B}.Debug|x64.Build.0 = Debug|x64
		{ECD97403-E42A-45F6-A41E-361057B2AB4B}.Debug|x86.ActiveCfg = Debug|Win32
		{ECD97403-E42A-45F6-A41E-361057B2AB4B}.Debug|x86.Build.0 = Debug|Win32
		{ECD97403-E42A-45F6-A41E-361057B2AB4B}.Release|x64.ActiveCfg = Release|x64
		{ECD97403-E42A-45F6-A41E-361057B2AB4B}.Release|x64.Build.0 = Release|x64
		{ECD97403-E42A-45F6-A41E-361057B2AB4B}.Release|x86.ActiveCfg = Release|Win32
		{ECD97403-E42A-45F6-A41E-361057B2AB4B}.Release|x86.Build.0 = Release|Win32
		{0BE1E661-0648-4DF4-A480-BA79836DEA85}.Debug|x64.ActiveCfg = Debug|x64
		{0BE1E661-0648-4DF4-A480-BA79836DEA85}.Debug|x64.Build.0 = Debug|x64
		{0BE1E661-0648-4DF4-A480-BA79836DEA85}.Debug|x86.ActiveCfg = Debug|Win32
		{0BE1E661-0648-4DF4-A480-BA79836DEA85}.Debug|x86.Build.0 = Debug|Win32
		{0BE1E661-0648-4DF4-A480-BA79836DEA85}.Release|x64.ActiveCfg = Release|x64
		{0BE1E661-0648-4DF4-A480-BA79836DEA85}.Release|x64.Build.0 = Release|x64
		{0BE1E661-0648-4DF4-A480-BA79836DEA85}.Release|x86.ActiveCfg = Release|Win32
		{0BE1E661-0648-4DF4-A480-BA79836DEA85}.Release|x86.Build.0 = Release|Win32
		{AD5C67B9-5527-4E07-97F4-6B142CA19BB4}.Debug|x64.ActiveCfg = Debug|x64
		{AD5C67B9-5527-4E07-97F4-6B142CA19BB4}.Debug|x64.Build.0 = Debug|x64
		{AD5C67B9-5527-4E07-97F4-6B142CA19BB4}.Debug|x86.ActiveCfg = Debug|Win32
		{AD5C67B9-5527-4E07-97F4-6B142CA19BB4}.Debug|x86.Build.0 = Debug|Win32
		{AD5C67B9-5527-4E07-97F4-6B142CA19BB4}.Release|x64.ActiveCfg = Release|x64
		{AD5C67B9-5527-4E07-97F4-6B142CA19BB4}.Release|x64.Build.0 = Release|x64
		{AD5C67B9-5527-4E07-97F4-6B142CA19BB4}.Release|x86.ActiveCfg = Release|Win32
		{AD5C67B9-5527-4E07-97F4-6B142CA19BB4}.Release|x86.Build.0 = Release|Win32
		{0C60E877-A85F-4F36-B1EA-5D0FF31A3E00}.Debug|x64.ActiveCfg = Debug|x64
		{0C60E877-A85F-4F36-B1EA-5D0FF31A3E00}.Debug|x64.Build.0 = Debug|x64
		{0C60E877-A85F-4F36-B1EA-5D0FF31A3E00}.Debug|x86.ActiveCfg = Debug|Win32
		{0C60E877-A85F-4F36-B1EA-5D0FF31A3E00}.Debug|x86.Build.0 = Debug|Win32
		{0C60E877-A85F-4F36-B1EA-5D0FF31A3E00}.Release|x64.ActiveCfg = Release|x64
		{0C60E877-A85F-4F36-B1EA-5D0FF31A3E00}.Release|x64.Build.0 = Release|x64
		{0C60E877-A85F-4F36-B1EA-5D0FF31A3E00}.Release|x86.ActiveCfg = Release|Win32
		{0C60E877-A85F-4F36-B1EA-5D0FF31A3E00}.Release|x86.Build.0 = Release|Win32
		{5B441F4D-465D-490A-9DAF-13A244965908}.Debug|x64.ActiveCfg = Debug|x64
		{5B441F4D-465D-490A-9DAF-13A244965908}.Debug|x64.Build.0 = Debug|x64
		{5B441F4D-465D-490A-9DAF-13A244965908}.Debug|x86.ActiveCfg = Debug|Win32
		{5B441F4D-465D-490A-9DAF-13A244965908}.Debug|x86.Build.0 = Debug|Win32
		{5B441F4D-465D-490A-9DAF-13A244965908}.Release|x64.ActiveCfg = Release|x64
		{5B441F4D-465D-490A-9DAF-13A244965908}.Release|x64.Build.0 = Release|x64
		{5B441F4D-465D-490A-9DAF-13A244965908}.Release|x86.ActiveCfg = Release|Win32
		{5B441F4D-465D-490A-9DAF-13A244965908}.Release|x86.Build.0 = Release|Win32
		{98785688-7021-4D0F-998F-547B19E3C4ED}.Debug|x64.ActiveCfg = Debug|x64
		{98785688-7021-4D0F-998F-547B19E3C4ED}.Debug|x64.Build.0 = Debug|x64
		{98785688-7021-4D0F-998F-547B19E3C4ED}.Debug|x86.ActiveCfg = Debug|Win32
		{98785688-7021-4D0F-998F-547B19E3C4ED}.Debug|x86.Build.0 = Debug|Win32
		{98785688-7021-4D0F-998F-547B19E3C4ED}.Release|x64.ActiveCfg = Release|x64
		{98785688-7021-4D0F-998F-547B19E3C4ED}.Release|x64.Build.0 = Release|x64
		{98785688-7021-4D0F-998F-547B19E3C4ED}.Release|x86.ActiveCfg = Release|Win32
		{98785688-7021-4D0F-998F-547B19E3C4ED}.Release|x86.Build.0 = Release|Win32
		{5C818398-27FA-4519-8060-E9DD44BABDEA}.Debug|x64.ActiveCfg = Debug|x64
		{5C818398-27FA-4519-8060-E9DD44BABDEA}.Debug|x64.Build.0 = Debug|x64
		{5C818398-27FA-4519-8060-E9DD44BABDEA}.Debug|x86.ActiveCfg = Debug|Win32
		{5C818398-27FA-4519-8060-E9DD44BABDEA}.Debug|x86.Build.0 = Debug|Win32
		{5C818398-27FA-4519-8060-E9DD44BABDEA}.Release|x64.ActiveCfg = Release|x64
		{5C818398-27FA-4519-8060-E9DD44BABDEA}.Release|x64.Build.0 = Release|x64
		{5C818398-27FA-4519-8060-E9DD44BABDEA}.Release|x86.ActiveCfg = Release|Win32
		{5C818398-27FA-4519-8060-E9DD44BABDEA}.Release|x86.Build.0 = Release|Win32
		{59A185DC-4C15-465B-965A-9CE90CD51580}.Debug|x64.ActiveCfg = Debug|x64
		{59A185DC-4C15-465B-965A-9CE90CD51580}.Debug|x64.Build.0 = Debug|x64
		{59A185DC-4C15-465B-965A-9CE90CD51580}.Debug|x86.ActiveCfg = Debug|Win32
		{59A185DC-4C15-465B-965A-9CE90CD51580}.Debug|x86.Build.0 = Debug|Win32
		{59A185DC-4C15-465B-965A-9CE90CD51580}.Release|x64.ActiveCfg = Release|x64
		{59A185DC-4C15-465B-965A-9CE90CD51580}.Release|x64.Build.0 = Release|x64
		{59A185DC-4C15-465B-965A-9CE90CD51580}.Release|x86.ActiveCfg = Release|Win32
		{59A185DC-4C15-465B-965A-9CE90CD51580}.Release|x86.Build.0 = Release|Win32
		{F5B6500B-FC7F-4A1C-8C8D-387BD11BB049}.Debug|x64.ActiveCfg = Debug|x64
		{F5B6500B-FC7F-4A1C-8C8D-387BD11BB049}.Debug|x64.Build.0 = Debug|x64
		{F5B6500B-FC7F-4A1C-8C8D-387BD11BB049}.Debug|x86.ActiveCfg = Debug|Win32
		{F5B6500B-FC7F-4A1C-8C8D-387BD11BB049}.Debug|x86.Build.0 = Debug|Win32
		{F5B6500B-FC7F-4A1C-8C8D-387BD11BB049}.Release|x64.ActiveCfg = Release|x64
		{F5B6500B-FC7F-4A1C-8C8D-387BD11BB049}.Release|x64.Build.0 = Release|x64
		{F5B6500B-FC7F-4A1C-8C8D-387BD11BB049}.Release|x86.ActiveCfg = Release|Win32
		{F5B6500B-FC7F-4A1C-8C8D-387BD11BB049}.Release|x86.Build.0 = Release|Win32
		{4B0AAF51-301B-45ED-B9EC-6B3089327B4D}.Debug|x64.ActiveCfg = Debug|x64
		{4B0AAF51-301B-45ED-B9EC-6B3089327B4D}.Debug|x64.Build.0 = Debug|x64
		{4B0AAF51-301B-45ED-B9EC-6B3089327B4D}.Debug|x86.ActiveCfg = Debug|Win32
		{4B0AAF51-301B-45ED-B9EC-6B3089327B4D}.Debug|x86.Build.0 = Debug|Win32
		{4B0AAF51-301B-45ED-B9EC-6B3089327B4D}.Release|x64.ActiveCfg = Release|x64
		{4B0AAF51-301B-45ED-B9EC-6B3089327B4D}.Release|x64.Build.0 = Release|x64
		{4B0AAF51-301B-45ED-B9EC-6B3089327B4D}.Release|x86.ActiveCfg = Release|Win32
		{4B0AAF51-301B-45ED-B9EC-6B3089327B4D}.Release|x86.Build.0 = Release|Win32
		{B5E4AA2C-1C3E-4E17-9701-47F4C75209C9}.Debug|x64.ActiveCfg = Debug|x64
		{B5E4AA2C-1C3E-4E17-9701-47F4C75209C9}.Debug|x64.Build.0 = Debug|x64
		{B5E4AA2C-1C3E-4E17-9701-47F4C75209C9}.Debug|x86.ActiveCfg = Debug|Win32
		{B5E4AA2C-1C3E-4E17-9701-47F4C75209C9}.Debug|x86.Build.0 = Debug|Win32
		{B5E4AA2C-1C3E-4E17-9701-47F4C75209C9}.Release|x64.ActiveCfg = Release|x64
		{B5E4AA2C-1C3E-4E17-9701-47F4C75209C9}.Release|x64.Build.0 = Release|x64
		{B5E4AA2C-1C3E-4E17-9701-47F4C75209C9}.Release|x86.ActiveCfg = Release|Win32
		{B5E4AA2C-1C3E-4E17-9701-47F4C75209C9}.Release|x86.Build.0 = Release|Win32
		{4C55375A-D23F-4C91-B896-7F8665901449}.Debug|x64.ActiveCfg = Debug|x64
		{4C55375A-D23F-4C91-B896-7F8665901449}.Debug|x64.Build.0 = Debug|x64
		{4C55375A-D23F-4C91-B896-7F8665901449}.Debug|x86.ActiveCfg = Debug|Win32
		{4C55375A-D23F-4C91-B896-7F8665901449}.Debug|x86.Build.0 = Debug|Win32
		{4C55375A-D23F-4C91-B896-7F8665901449}.Release|x64.ActiveCfg = Release|x64
		{4C55375A-D23F-4C91-B896-7F8665901449}.Release|x64.Build.0 = Release|x64
		{4C55375A-D23F-4C91-B896-7F8665901449}.Release|x86.ActiveCfg = Release|Win32
		{4C55375A-D23F-4C91-B896-7F8665901449}.Release|x86.Build.0 = Release|Win32
		{FC7F00B5-ADE5-4653-BAEE-3BC52AE4816B}.Debug|x64.ActiveCfg = Debug|x64
		{FC7F00B5-ADE5-4653-BAEE-3BC52AE4816B}.Debug|x64.Build.0 = Debug|x64
		{FC7F00B5-ADE5-4653-BAEE-3BC52AE4816B}.Debug|x86.ActiveCfg = Debug|Win32
		{FC7F00B5-ADE5-4653-BAEE-3BC52AE4816B}.Debug|x86.Build.0 = Debug|Win32
		{FC7F00B5-ADE5-4653-BAEE-3BC52AE4816B}.Release|x64.ActiveCfg = Release|x64
		{FC7F00B5-ADE5-4653-BAEE-3BC52AE4816B}.Release|x64.Build.0 = Release|x64
		{FC7F00B5-ADE5-4653-BAEE-3BC52AE4816B}.Release|x86.ActiveCfg = Release|Win32
		{FC7F00B5-ADE5-4653-BAEE-3BC52AE4816B}.Release|x86.Build.0 = Release|Win32
		{9BBF9B42-AF06-4F02-B48F-E49B72FCDDA6}.Debug|x64.ActiveCfg = Debug|x64
		{9BBF9B42-AF06-4F02-B48F-E49B72FCDDA6}.Debug|x64.Build.0 = Debug|x64
		{9BBF9B42-AF06-4F02-B48F-E49B72FCDDA6}.Debug|x86.ActiveCfg = Debug|Win32
		{9BBF9B42-AF06-4F02-B48F-E49B72FCDDA6}.Debug|x86.Build.0 = Debug|Win32
		{9BBF9B42-AF06-4F02-B48F-E49B72FCDDA6}.Release|x64.ActiveCfg = Release|x64
		{9BBF9B42-AF06-4F02-B48F-E49B72FCDDA6}.Release|x64.Build.0 = Release|x64
		{9BBF9B42-AF06-4F02-B48F-E49B72FCDDA6}.Release|x86.ActiveCfg = Release|Win32
		{9BBF9B42-AF06-4F02-B48F-E49B72FCDDA6}.Release|x86.Build.0 = Release|Win32
		{0119BC18-917B-4DFF-B700-4B4681C17B22}.Debug|x64.ActiveCfg = Debug|x64
		{0119BC18-917B-4DFF-B700-4B4681C17B22}.Debug|x64.Build.0 = Debug|x64
		{0119BC18-917B-4DFF-B700-4B4681C17B22}.Debug|x86.ActiveCfg = Debug|Win32
		{0119BC18-917B-4DFF-B700-4B4681C17B22}.Debug|x86.Build.0 = Debug|Win32
		{0119BC18-917B-4DFF-B700-4B4681C17B22}.Release|x64.ActiveCfg = Release|x64
		{0119BC18-917B-4DFF-B700-4B4681C17B22}.Release|x64.Build.0 = Release|x64
		{0119BC18-917B-4DFF-B700-4B4681C17B22}.Release|x86.ActiveCfg = Release|Win32
		{0119BC18-917B-4DFF-B700-4B4681C17B22}.Release|x86.Build.0 = Release|Win32
		{2EB3123E-BDDC-4BF2-91FC-3D0CC88B6E27}.Debug|x64.ActiveCfg = Debug|x64
		{2EB3123E-BDDC-4BF2-91FC-3D0CC88B6E27}.Debug|x64.Build.0 = Debug|x64
		{2EB3123E-BDDC-4BF2-91FC-3D0CC88B6E27}.Debug|x86.ActiveCfg = Debug|Win32
		{2EB3123E-BDDC-4BF2-91FC-3D0CC88B6E27}.Debug|x86.Build.0 = Debug|Win32
		{2EB3123E-BDDC-4BF2-91FC-3D0CC88B6E27}.Release|x64.ActiveCfg = Release|x64
		{2EB3123E-BDDC-4BF2-91FC-3D0CC88B6E27}.Release|x64.Build.0 = Release|x64
		{2EB3123E-BDDC-4BF2-91FC-3D0CC88B6E27}.Release|x86.ActiveCfg = Release|Win32
		{2EB3123E-BDDC-4BF2-91FC-3D0CC88B6E27}.Release|x86.Build.0 = Release|Win32
		{7EA8574D-E299-46D4-844D-D89EA42E1C0A}.Debug|x64.ActiveCfg = Debug|x64
		{7EA8574D-E299-46D4-844D-D89EA42E1C0A}.Debug|x64.Build.0 = Debug|x64
		{7EA8574D-E299-46D4-844D-D89EA42E1C0A}.Debug|x86.ActiveCfg = Debug|Win32
		{7EA8574D-E299-46D4-844D-D89EA42E1C0A}.Debug|x86.Build.0 = Debug|Win32
		{7EA8574D-E299-46D4-844D-D89EA42E1C0A}.Release|x64.ActiveCfg = Release|x64
		{7EA8574D-E299-46D4-844D-D89EA42E1C0A}.Release|x64.Build.0 = Release|x64
		{7EA8574D-E299-46D4-844D-D89EA42E1C0A}.Release|x86.ActiveCfg = Release|Win32
		{7EA8574D-E299-46D4-844D-D89EA42E1C0A}.Release|x86.Build.0 = Release|Win32
		{2EB5CEA1-D0F5-4403-9EC2-1EE819F9CE1B}.Debug|x64.ActiveCfg = Debug|x64
		{2EB5CEA1-D0F5-4403-9EC2-1EE819F9CE1B}.Debug|x64.Build.0 = Debug|x64
		{2EB5CEA1-D0F5-4403-9EC2-1EE819F9CE1B}.Debug|x86.ActiveCfg = Debug|Win32
		{2EB5CEA1-D0F5-4403-9EC2-1EE819F9CE1B}.Debug|x86.Build.0 = Debug|Win32
		{2EB5CEA1-D0F5-4403-9EC2-1EE819F9CE1B}.Release|x64.ActiveCfg = Release|x64
		{2EB5CEA1-D0F5-4403-9EC2-1EE819F9CE1B}.Release|x64.Build.0 = Release|x64
		{2EB5CEA1-D0F5-4403-9EC2-1EE819F9CE1B}.Release|x86.ActiveCfg = Release|Win32
		{2EB5CEA1-D0F5-4403-9EC2-1EE819F9CE1B}.Release|x86.Build.0 = Release|Win32
		{1EFFBF4C-274A-4C6D-B4EC-93C8EA4C654E}.Debug|x64.ActiveCfg = Debug|x64
		{1EFFBF4C-274A-4C6D-B4EC-93C8EA4C654E}.Debug|x64.Build.0 = Debug|x64
		{1EFFBF4C-274A-4C6D-B4EC-93C8EA4C654E}.Debug|x86.ActiveCfg = Debug|Win32
		{1EFFBF4C-274A-4C6D-B4EC-93C8EA4C654E}.Debug|x86.Build.0 = Debug|Win32
		{1EFFBF4C-274A-4C6D-B4EC-93C8EA4C654E}.Release|x64.ActiveCfg = Release|x64
		{1EFFBF4C-274A-4C6D-B4EC-93C8EA4C654E}.Release|x64.Build.0 = Release|x64
		{1EFFBF4C-274A-4C6D-B4EC-93C8EA4C654E}.Release|x86.ActiveCfg = Release|Win32
		{1EFFBF4C-274A-4C6D-B4EC-93C8EA4C654E}.Release|x86.Build.0 = Release|Win32
		{8B1D1AAD-B096-44A8-B16D-CC91D00FF641}.Debug|x64.ActiveCfg = Debug|x64
		{8B1D1AAD-B096-44A8-B16D-CC91D00FF641}.Debug|x64.Build.0 = Debug|x64
		{8B1D1AAD-B096-44A8-B16D-CC91D00FF641}.Debug|x86.ActiveCfg = Debug|Win32
		{8B1D1AAD-B096-44A8-B16D-CC91D00FF641}.Debug|x86.Build.0 = Debug|Win32
		{8B1D1AAD-B096-44A8-B16D-CC91D00FF641}.Release|x64.ActiveCfg = Release|x64
		{8B1D1AAD-B096-44A8-B16D-CC91D00FF641}.Release|x64.Build.0 = Release|x64
		{8B1D1AAD-B096-44A8-B16D-CC91D00FF641}.Release|x86.ActiveCfg = Release|Win32
		{8B1D1AAD-B096-44A8-B16D-CC91D00FF641}.Release|x86.Build.0 = Release|Win32
		{462F6BB4-9DAF-4741-877C-2417A6A3B18D}.Debug|x64.ActiveCfg = Debug|x64
		{462F6BB4-9DAF-4741-877C-2417A6A3B18D}.Debug|x64.Build.0 = Debug|x64
		{462F6BB4-9DAF-4741-877C-2417A6A3B18D}.Debug|x86.ActiveCfg = Debug|Win32
		{462F6BB4-9DAF-4741-877C-2417A6A3B18D}.Debug|x86.Build.0 = Debug|Win32
		{462F6BB4-9DAF-4741-877C-2417A6A3B18D}.Release|x64.ActiveCfg = Release|x64
		{462F6BB4-9DAF-4741-877C-2417A6A3B18D}.Release|x64.Build.0 = Release|x64
		{462F6BB4-9DAF-4741-877C-2417A6A3B18D}.Release|x86.ActiveCfg = Release|Win32
		{462F6BB4-9DAF-4741-877C-2417A6A3B18D}.Release|x86.Build.0 = Release|Win32
		{F08462EF-C957-4FE1-B33A-3FA1E589C95E}.Debug|x64.ActiveCfg = Debug|x64
		{F08462EF-C957-4FE1-B33A-3FA1E589C95E}.Debug|x64.Build.0 = Debug|x64
		{F08462EF-C957-4FE1-B33A-3FA1E589C95E}.Debug|x86.ActiveCfg = Debug|Win32
		{F08462EF-C957-4FE1-B33A-3FA1E589C95E}.Debug|x86.Build.0 = Debug|Win32
		{F08462EF-C957-4FE1-B33A-3FA1E589C95E}.Release|x64.ActiveCfg = Release|x64
		{F08462EF-C957-4FE1-B33A-3FA1E589C95E}.Release|x64.Build.0 = Release|x64
		{F08462EF-C957-4FE1-B33A-3FA1E589C95E}.Release|x86.ActiveCfg = Release|Win32
		{F08462EF-C957-4FE1-B33A-3FA1E589C95E}.Release|x86.Build.0 = Release|Win32
		{6728186D-DF1B-4C52-8253-3211966B4A56}.Debug|x64.ActiveCfg = Debug|x64
		{6728186D-DF1B-4C52-8253-3211966B4A56}.Debug|x64.Build.0 = Debug|x64
		{6728186D-DF1B-4C52-8253-3211966B4A56}.Debug|x86.ActiveCfg = Debug|Win32
		{6728186D-DF1B-4C52-8253-3211966B4A56}.Debug|x86.Build.0 = Debug|Win32
		{6728186D-DF1B-4C52-8253-3211966B4A56}.Release|x64.ActiveCfg = Release|x64
		{6728186D-DF1B-4C52-8253-3211966B4A56}.Release|x64.Build.0 = Release|x64
		{6728186D-DF1B-4C52-8253-3211966B4A56}.Release|x86.ActiveCfg = Release|Win32
		{6728186D-DF1B-4C52-8253-3211966B4A56}.Release|x86.Build.0 = Release|Win32
		{8524EB47-D1A8-45AE-B871-62FC30409585}.Debug|x64.ActiveCfg = Debug|x64
		{8524EB47-D1A8-45AE-B871-62FC30409585}.Debug|x64.Build.0 = Debug|x64
		{8524EB47-D1A8-45AE-B871-62FC30409585}.Debug|x86.ActiveCfg = Debug|Win32
		{8524EB47-D1A8-45AE-B871-62FC30409585}.Debug|x86.Build.0 = Debug|Win32
		{8524EB47-D1A8-45AE-B871-62FC30409585}.Release|x64.ActiveCfg = Release|x64
		{8524EB47-D1A8-45AE-B871-62FC30409585}.Release|x64.Build.0 = Release|x64
		{8524EB47-D1A8-45AE-B871-62FC30409585}.Release|x86.ActiveCfg = Release|Win32
		{8524EB47-D1A8-45AE-B871-62FC30409585}.Release|x86.Build.0 = Release|Win32
		{1478C44B-4A48-4E6A-8F3D-2ACED8E2D81A}.Debug|x64.ActiveCfg = Debug|x64
		{1478C44B-4A48-4E6A-8F3D-2ACED8E2D81A}.Debug|x64.Build.0 = Debug|x64
		{1478C44B-4A48-4E6A-8F3D-2ACED8E2D81A}.Debug|x86.ActiveCfg = Debug|Win32
		{1478C44B-4A48-4E6A-8F3D-2ACED8E2D81A}.Debug|x86.Build.0 = Debug|Win32
		{1478C44B-4A48-4E6A-8F3D-2ACED8E2D81A}.Release|x64.ActiveCfg = Release|x64
		{1478C44B-4A48-4E6A-8F3D-2ACED8E2D81A}.Release|x64.Build.0 = Release|x64
		{1478C44B-4A48-4E6A-8F3D-2ACED8E2D81A}.Release|x86.ActiveCfg = Release|Win32
		{1478C44B-4A48-4E6A-8F3D-2ACED8E2D81A}.Release|x86.Build.0 = Release|Win32
		{E4DC0C16-BC5B-4D59-9B2A-BC6CD21F0CCD}.Debug|x64.ActiveCfg = Debug|x64
		{E4DC0C16-BC5B-4D59-9B2A-BC6CD21F0CCD}.Debug|x64.Build.0 = Debug|x64
		{E4DC0C16-BC5B-4D59-9B2A-BC6CD21F0CCD}.Debug|x86.ActiveCfg = Debug|Win32
		{E4DC0C16-BC5B-4D59-9B2A-BC6CD21F0CCD}.Debug|x86.Build.0 = Debug|Win32
		{E4DC0C16-BC5B-4D59-9B2A-BC6CD21F0CCD}.Release|x64.ActiveCfg = Release|x64
		{E4DC0C16-BC5B-4D59-9B2A-BC6CD21F0CCD}.Release|x64.Build.0 = Release|x64
		{E4DC0C16-BC5B-4D59-9B2A-BC6CD21F0CCD}.Release|x86.ActiveCfg = Release|Win32
		{E4DC0C16-BC5B-4D59-9B2A-BC6CD21F0CCD}.Release|x86.Build.0 = Release|Win32
		{9AA89400-8C2E-4D60-9952-0F802DD9DE95}.Debug|x64.ActiveCfg = Debug|x64
		{9AA89400-8C2E-4D60-9952-0F802DD9DE95}.Debug|x64.Build.0 = Debug|x64
		{9AA89400-8C2E-4D60-9952-0F802DD9DE95}.Debug|x86.ActiveCfg = Debug|Win32
		{9AA89400-8C2E-4D60-9952-0F802DD9DE95}.Debug|x86.Build.0 = Debug|Win32
		{9AA89400-8C2E-4D60-9952-0F802DD9DE95}.Release|x64.ActiveCfg = Release|x64
		{9AA89400-8C2E-4D60-9952-0F802DD9DE95}.Release|x64.Build.0 = Release|x64
		{9AA89400-8C2E-4D60-9952-0F802DD9DE95}.Release|x86.ActiveCfg = Release|Win32
		{9AA89400-8C2E-4D60-9952-0F802DD9DE95}.Release|x86.Build.0 = Release|Win32
		{185E0FFB-0F9F-44EA-BD7B-86E65399B201}.Debug|x64.ActiveCfg = Debug|x64
		{185E0FFB-0F9F-44EA-BD7B-86E65399B201}.Debug|x64.Build.0 = Debug|x64
		{185E0FFB-0F9F-44EA-BD7B-86E65399B201}.Debug|x86.ActiveCfg = Debug|Win32
		{185E0FFB-0F9F-44EA-BD7B-86E65399B201}.Debug|x86.Build.0 = Debug|Win32
		{185E0FFB-0F9F-44EA-BD7B-86E65399B201}.Release|x64.ActiveCfg = Release|x64
		{185E0FFB-0F9F-44EA-BD7B-86E65399B201}.Release|x64.Build.0 = Release|x64
		{185E0FFB-0F9F-44EA-BD7B-86E65399B201}.Release|x86.ActiveCfg = Release|Win32
		{185E0FFB-0F9F-44EA-BD7B-86E65399B201}.Release|x86.Build.0 = Release|Win32
		{FD603C09-B9CD-4AFF-BAA1-9A04AE5F747D}.Debug|x64.ActiveCfg = Debug|x64
		{FD603C09-B9CD-4AFF-BAA1-9A04AE5F747D}.Debug|x64.Build.0 = Debug|x64
		{FD603C09-B9CD-4AFF-BAA1-9A04AE5F747D}.Debug|x86.ActiveCfg = Debug|Win32
		{FD603C09-B9CD-4AFF-BAA1-9A04AE5F747D}.Debug|x86.Build.0 = Debug|Win32
		{FD603C09-B9CD-4AFF-BAA1-9A04AE5F747D}.Release|x64.ActiveCfg = Release|x64
		{FD603C09-B9CD-4AFF-BAA1-9A04AE5F747D}.Release|x64.Build.0 = Release|x64
		{FD603C09-B9CD-4AFF-BAA1-9A04AE5F747D}.Release|x86.ActiveCfg = Release|Win32
		{FD603C09-B9CD-4AFF-BAA1-9A04AE5F747D}.Release|x86.Build.0 = Release|Win32
		{5206F228-0E03-47ED-A94E-A7D38E14B998}.Debug|x64.ActiveCfg = Debug|x64
		{5206F228-0E03-47ED-A94E-A7D38E14B998}.Debug|x64.Build.0 = Debug|x64
		{5206F228-0E03-47ED-A94E-A7D38E14B998}.Debug|x86.ActiveCfg = Debug|Win32
		{5206F228-0E03-47ED-A94E-A7D38E14B998}.Debug|x86.Build.0 = Debug|Win32
		{5206F228-0E03-47ED-A94E-A7D38E14B998}.Release|x64.ActiveCfg = Release|x64
		{5206F228-0E03-47ED-A94E-A7D38E14B998}.Release|x64.Build.0 = Release|x64
		{5206F228-0E03-47ED-A94E-A7D38E14B998}.Release|x86.ActiveCfg = Release|Win32
		{5206F228-0E03-47ED-A94E-A7D38E14B998}.Release|x86.Build.0 = Release|Win32
	EndGlobalSection
	GlobalSection(SolutionProperties) = preSolution
		HideSolutionNode = FALSE
	EndGlobalSection
	GlobalSection(ExtensibilityGlobals) = postSolution
		SolutionGuid = {50C408E9-4C1B-4F30-80EE-A9E2FD51F74D}
	EndGlobalSection
EndGlobal
