
Microsoft Visual Studio Solution File, Format Version 12.00
# Visual Studio Version 17
VisualStudioVersion = 17.5.33414.496
MinimumVisualStudioVersion = 10.0.40219.1
Project("{8BC9CEB8-8B4A-11D0-8D11-00A0C91BC942}") = "1-10", "1-10.vcxproj", "{FC715BE4-C2C5-465C-8C49-92FA528394A7}"
EndProject
Project("{8BC9CEB8-8B4A-11D0-8D11-00A0C91BC942}") = "1-12", "..\1-12\1-12.vcxproj", "{CFEDC6B9-2F44-46AD-A7C4-013F8FB7255D}"
EndProject
Project("{8BC9CEB8-8B4A-11D0-8D11-00A0C91BC942}") = "1-13", "..\1-13\1-13.vcxproj", "{3D7E2C0E-C5DB-4011-9919-482A1B013109}"
EndProject
Project("{8BC9CEB8-8B4A-11D0-8D11-00A0C91BC942}") = "1-14", "..\1-14\1-14.vcxproj", "{81C8313E-3F59-4B3E-846B-C432F1D07978}"
EndProject
Project("{8BC9CEB8-8B4A-11D0-8D11-00A0C91BC942}") = "1-15", "..\1-15\1-15.vcxproj", "{CEABB968-EF0F-4505-BAEE-ECCA810C9317}"
EndProject
Project("{8BC9CEB8-8B4A-11D0-8D11-00A0C91BC942}") = "1-17", "..\1-17\1-17.vcxproj", "{ECD97403-E42A-45F6-A41E-361057B2AB4B}"
EndProject
Project("{8BC9CEB8-8B4A-11D0-8D11-00A0C91BC942}") = "1-18", "..\1-18\1-18.vcxproj", "{0BE1E661-0648-4DF4-A480-BA79836DEA85}"
EndProject
Project("{8BC9CEB8-8B4A-11D0-8D11-00A0C91BC942}") = "1-19", "..\1-19\1-19.vcxproj", "{AD5C67B9-5527-4E07-97F4-6B142CA19BB4}"
EndProject
Project("{8BC9CEB8-8B4A-11D0-8D11-00A0C91BC942}") = "1-20", "..\1-20\1-20.vcxproj", "{0C60E877-A85F-4F36-B1EA-5D0FF31A3E00}"
EndProject
Project("{8BC9CEB8-8B4A-11D0-8D11-00A0C91BC942}") = "2-01", "..\2-1\2-1.vcxproj", "{5B441F4D-465D-490A-9DAF-13A244965908}"
EndProject
Project("{8BC9CEB8-8B4A-11D0-8D11-00A0C91BC942}") = "4-01", "..\4-1\4-1.vcxproj", "{98785688-7021-4D0F-998F-547B19E3C4ED}"
EndProject
Project("{8BC9CEB8-8B4A-11D0-8D11-00A0C91BC942}") = "4-03", "..\4-3\4-3.vcxproj", "{5C818398-27FA-4519-8060-E9DD44BABDEA}"
EndProject
Project("{8BC9CEB8-8B4A-11D0-8D11-00A0C91BC942}") = "try", "..\try\try.vcxproj", "{59A185DC-4C15-465B-965A-9CE90CD51580}"
EndProject
Project("{8BC9CEB8-8B4A-11D0-8D11-00A0C91BC942}") = "4-13", "..\4-13\4-13.vcxproj", "{F5B6500B-FC7F-4A1C-8C8D-387BD11BB049}"
EndProject
Project("{8BC9CEB8-8B4A-11D0-8D11-00A0C91BC942}") = "4-14", "..\4-14\4-14.vcxproj", "{4B0AAF51-301B-45ED-B9EC-6B3089327B4D}"
EndProject
Project("{8BC9CEB8-8B4A-11D0-8D11-00A0C91BC942}") = "Mmn11-1", "..\Mmn11-1\Mmn11-1.vcxproj", "{B5E4AA2C-1C3E-4E17-9701-47F4C75209C9}"
EndProject
Project("{8BC9CEB8-8B4A-11D0-8D11-00A0C91BC942}") = "Mmn11-2", "..\Mmn11-2\Mmn11-2.vcxproj", "{4C55375A-D23F-4C91-B896-7F8665901449}"
EndProject
Project("{8BC9CEB8-8B4A-11D0-8D11-00A0C91BC942}") = "2-08", "..\2-08\2-08.vcxproj", "{FC7F00B5-ADE5-4653-BAEE-3BC52AE4816B}"
EndProject
Global
	GlobalSection(SolutionConfigurationPlatforms) = preSolution
		Debug|x64 = Debug|x64
		Debug|x86 = Debug|x86
		Release|x64 = Release|x64
		Release|x86 = Release|x86
	EndGlobalSection
	GlobalSection(ProjectConfigurationPlatforms) = postSolution
		{FC715BE4-C2C5-465C-8C49-92FA528394A7}.Debug|x64.ActiveCfg = Debug|x64
		{FC715BE4-C2C5-465C-8C49-92FA528394A7}.Debug|x64.Build.0 = Debug|x64
		{FC715BE4-C2C5-465C-8C49-92FA528394A7}.Debug|x86.ActiveCfg = Debug|Win32
		{FC715BE4-C2C5-465C-8C49-92FA528394A7}.Debug|x86.Build.0 = Debug|Win32
		{FC715BE4-C2C5-465C-8C49-92FA528394A7}.Release|x64.ActiveCfg = Release|x64
		{FC715BE4-C2C5-465C-8C49-92FA528394A7}.Release|x64.Build.0 = Release|x64
		{FC715BE4-C2C5-465C-8C49-92FA528394A7}.Release|x86.ActiveCfg = Release|Win32
		{FC715BE4-C2C5-465C-8C49-92FA528394A7}.Release|x86.Build.0 = Release|Win32
		{CFEDC6B9-2F44-46AD-A7C4-013F8FB7255D}.Debug|x64.ActiveCfg = Debug|x64
		{CFEDC6B9-2F44-46AD-A7C4-013F8FB7255D}.Debug|x64.Build.0 = Debug|x64
		{CFEDC6B9-2F44-46AD-A7C4-013F8FB7255D}.Debug|x86.ActiveCfg = Debug|Win32
		{CFEDC6B9-2F44-46AD-A7C4-013F8FB7255D}.Debug|x86.Build.0 = Debug|Win32
		{CFEDC6B9-2F44-46AD-A7C4-013F8FB7255D}.Release|x64.ActiveCfg = Release|x64
		{CFEDC6B9-2F44-46AD-A7C4-013F8FB7255D}.Release|x64.Build.0 = Release|x64
		{CFEDC6B9-2F44-46AD-A7C4-013F8FB7255D}.Release|x86.ActiveCfg = Release|Win32
		{CFEDC6B9-2F44-46AD-A7C4-013F8FB7255D}.Release|x86.Build.0 = Release|Win32
		{3D7E2C0E-C5DB-4011-9919-482A1B013109}.Debug|x64.ActiveCfg = Debug|x64
		{3D7E2C0E-C5DB-4011-9919-482A1B013109}.Debug|x64.Build.0 = Debug|x64
		{3D7E2C0E-C5DB-4011-9919-482A1B013109}.Debug|x86.ActiveCfg = Debug|Win32
		{3D7E2C0E-C5DB-4011-9919-482A1B013109}.Debug|x86.Build.0 = Debug|Win32
		{3D7E2C0E-C5DB-4011-9919-482A1B013109}.Release|x64.ActiveCfg = Release|x64
		{3D7E2C0E-C5DB-4011-9919-482A1B013109}.Release|x64.Build.0 = Release|x64
		{3D7E2C0E-C5DB-4011-9919-482A1B013109}.Release|x86.ActiveCfg = Release|Win32
		{3D7E2C0E-C5DB-4011-9919-482A1B013109}.Release|x86.Build.0 = Release|Win32
		{81C8313E-3F59-4B3E-846B-C432F1D07978}.Debug|x64.ActiveCfg = Debug|x64
		{81C8313E-3F59-4B3E-846B-C432F1D07978}.Debug|x64.Build.0 = Debug|x64
		{81C8313E-3F59-4B3E-846B-C432F1D07978}.Debug|x86.ActiveCfg = Debug|Win32
		{81C8313E-3F59-4B3E-846B-C432F1D07978}.Debug|x86.Build.0 = Debug|Win32
		{81C8313E-3F59-4B3E-846B-C432F1D07978}.Release|x64.ActiveCfg = Release|x64
		{81C8313E-3F59-4B3E-846B-C432F1D07978}.Release|x64.Build.0 = Release|x64
		{81C8313E-3F59-4B3E-846B-C432F1D07978}.Release|x86.ActiveCfg = Release|Win32
		{81C8313E-3F59-4B3E-846B-C432F1D07978}.Release|x86.Build.0 = Release|Win32
		{CEABB968-EF0F-4505-BAEE-ECCA810C9317}.Debug|x64.ActiveCfg = Debug|x64
		{CEABB968-EF0F-4505-BAEE-ECCA810C9317}.Debug|x64.Build.0 = Debug|x64
		{CEABB968-EF0F-4505-BAEE-ECCA810C9317}.Debug|x86.ActiveCfg = Debug|Win32
		{CEABB968-EF0F-4505-BAEE-ECCA810C9317}.Debug|x86.Build.0 = Debug|Win32
		{CEABB968-EF0F-4505-BAEE-ECCA810C9317}.Release|x64.ActiveCfg = Release|x64
		{CEABB968-EF0F-4505-BAEE-ECCA810C9317}.Release|x64.Build.0 = Release|x64
		{CEABB968-EF0F-4505-BAEE-ECCA810C9317}.Release|x86.ActiveCfg = Release|Win32
		{CEABB968-EF0F-4505-BAEE-ECCA810C9317}.Release|x86.Build.0 = Release|Win32
		{ECD97403-E42A-45F6-A41E-361057B2AB4B}.Debug|x64.ActiveCfg = Debug|x64
		{ECD97403-E42A-45F6-A41E-361057B2AB4B}.Debug|x64.Build.0 = Debug|x64
		{ECD97403-E42A-45F6-A41E-361057B2AB4B}.Debug|x86.ActiveCfg = Debug|Win32
		{ECD97403-E42A-45F6-A41E-361057B2AB4B}.Debug|x86.Build.0 = Debug|Win32
		{ECD97403-E42A-45F6-A41E-361057B2AB4B}.Release|x64.ActiveCfg = Release|x64
		{ECD97403-E42A-45F6-A41E-361057B2AB4B}.Release|x64.Build.0 = Release|x64
		{ECD97403-E42A-45F6-A41E-361057B2AB4B}.Release|x86.ActiveCfg = Release|Win32
		{ECD97403-E42A-45F6-A41E-361057B2AB4B}.Release|x86.Build.0 = Release|Win32
		{0BE1E661-0648-4DF4-A480-BA79836DEA85}.Debug|x64.ActiveCfg = Debug|x64
		{0BE1E661-0648-4DF4-A480-BA79836DEA85}.Debug|x64.Build.0 = Debug|x64
		{0BE1E661-0648-4DF4-A480-BA79836DEA85}.Debug|x86.ActiveCfg = Debug|Win32
		{0BE1E661-0648-4DF4-A480-BA79836DEA85}.Debug|x86.Build.0 = Debug|Win32
		{0BE1E661-0648-4DF4-A480-BA79836DEA85}.Release|x64.ActiveCfg = Release|x64
		{0BE1E661-0648-4DF4-A480-BA79836DEA85}.Release|x64.Build.0 = Release|x64
		{0BE1E661-0648-4DF4-A480-BA79836DEA85}.Release|x86.ActiveCfg = Release|Win32
		{0BE1E661-0648-4DF4-A480-BA79836DEA85}.Release|x86.Build.0 = Release|Win32
		{AD5C67B9-5527-4E07-97F4-6B142CA19BB4}.Debug|x64.ActiveCfg = Debug|x64
		{AD5C67B9-5527-4E07-97F4-6B142CA19BB4}.Debug|x64.Build.0 = Debug|x64
		{AD5C67B9-5527-4E07-97F4-6B142CA19BB4}.Debug|x86.ActiveCfg = Debug|Win32
		{AD5C67B9-5527-4E07-97F4-6B142CA19BB4}.Debug|x86.Build.0 = Debug|Win32
		{AD5C67B9-5527-4E07-97F4-6B142CA19BB4}.Release|x64.ActiveCfg = Release|x64
		{AD5C67B9-5527-4E07-97F4-6B142CA19BB4}.Release|x64.Build.0 = Release|x64
		{AD5C67B9-5527-4E07-97F4-6B142CA19BB4}.Release|x86.ActiveCfg = Release|Win32
		{AD5C67B9-5527-4E07-97F4-6B142CA19BB4}.Release|x86.Build.0 = Release|Win32
		{0C60E877-A85F-4F36-B1EA-5D0FF31A3E00}.Debug|x64.ActiveCfg = Debug|x64
		{0C60E877-A85F-4F36-B1EA-5D0FF31A3E00}.Debug|x64.Build.0 = Debug|x64
		{0C60E877-A85F-4F36-B1EA-5D0FF31A3E00}.Debug|x86.ActiveCfg = Debug|Win32
		{0C60E877-A85F-4F36-B1EA-5D0FF31A3E00}.Debug|x86.Build.0 = Debug|Win32
		{0C60E877-A85F-4F36-B1EA-5D0FF31A3E00}.Release|x64.ActiveCfg = Release|x64
		{0C60E877-A85F-4F36-B1EA-5D0FF31A3E00}.Release|x64.Build.0 = Release|x64
		{0C60E877-A85F-4F36-B1EA-5D0FF31A3E00}.Release|x86.ActiveCfg = Release|Win32
		{0C60E877-A85F-4F36-B1EA-5D0FF31A3E00}.Release|x86.Build.0 = Release|Win32
		{5B441F4D-465D-490A-9DAF-13A244965908}.Debug|x64.ActiveCfg = Debug|x64
		{5B441F4D-465D-490A-9DAF-13A244965908}.Debug|x64.Build.0 = Debug|x64
		{5B441F4D-465D-490A-9DAF-13A244965908}.Debug|x86.ActiveCfg = Debug|Win32
		{5B441F4D-465D-490A-9DAF-13A244965908}.Debug|x86.Build.0 = Debug|Win32
		{5B441F4D-465D-490A-9DAF-13A244965908}.Release|x64.ActiveCfg = Release|x64
		{5B441F4D-465D-490A-9DAF-13A244965908}.Release|x64.Build.0 = Release|x64
		{5B441F4D-465D-490A-9DAF-13A244965908}.Release|x86.ActiveCfg = Release|Win32
		{5B441F4D-465D-490A-9DAF-13A244965908}.Release|x86.Build.0 = Release|Win32
		{98785688-7021-4D0F-998F-547B19E3C4ED}.Debug|x64.ActiveCfg = Debug|x64
		{98785688-7021-4D0F-998F-547B19E3C4ED}.Debug|x64.Build.0 = Debug|x64
		{98785688-7021-4D0F-998F-547B19E3C4ED}.Debug|x86.ActiveCfg = Debug|Win32
		{98785688-7021-4D0F-998F-547B19E3C4ED}.Debug|x86.Build.0 = Debug|Win32
		{98785688-7021-4D0F-998F-547B19E3C4ED}.Release|x64.ActiveCfg = Release|x64
		{98785688-7021-4D0F-998F-547B19E3C4ED}.Release|x64.Build.0 = Release|x64
		{98785688-7021-4D0F-998F-547B19E3C4ED}.Release|x86.ActiveCfg = Release|Win32
		{98785688-7021-4D0F-998F-547B19E3C4ED}.Release|x86.Build.0 = Release|Win32
		{5C818398-27FA-4519-8060-E9DD44BABDEA}.Debug|x64.ActiveCfg = Debug|x64
		{5C818398-27FA-4519-8060-E9DD44BABDEA}.Debug|x64.Build.0 = Debug|x64
		{5C818398-27FA-4519-8060-E9DD44BABDEA}.Debug|x86.ActiveCfg = Debug|Win32
		{5C818398-27FA-4519-8060-E9DD44BABDEA}.Debug|x86.Build.0 = Debug|Win32
		{5C818398-27FA-4519-8060-E9DD44BABDEA}.Release|x64.ActiveCfg = Release|x64
		{5C818398-27FA-4519-8060-E9DD44BABDEA}.Release|x64.Build.0 = Release|x64
		{5C818398-27FA-4519-8060-E9DD44BABDEA}.Release|x86.ActiveCfg = Release|Win32
		{5C818398-27FA-4519-8060-E9DD44BABDEA}.Release|x86.Build.0 = Release|Win32
		{59A185DC-4C15-465B-965A-9CE90CD51580}.Debug|x64.ActiveCfg = Debug|x64
		{59A185DC-4C15-465B-965A-9CE90CD51580}.Debug|x64.Build.0 = Debug|x64
		{59A185DC-4C15-465B-965A-9CE90CD51580}.Debug|x86.ActiveCfg = Debug|Win32
		{59A185DC-4C15-465B-965A-9CE90CD51580}.Debug|x86.Build.0 = Debug|Win32
		{59A185DC-4C15-465B-965A-9CE90CD51580}.Release|x64.ActiveCfg = Release|x64
		{59A185DC-4C15-465B-965A-9CE90CD51580}.Release|x64.Build.0 = Release|x64
		{59A185DC-4C15-465B-965A-9CE90CD51580}.Release|x86.ActiveCfg = Release|Win32
		{59A185DC-4C15-465B-965A-9CE90CD51580}.Release|x86.Build.0 = Release|Win32
		{F5B6500B-FC7F-4A1C-8C8D-387BD11BB049}.Debug|x64.ActiveCfg = Debug|x64
		{F5B6500B-FC7F-4A1C-8C8D-387BD11BB049}.Debug|x64.Build.0 = Debug|x64
		{F5B6500B-FC7F-4A1C-8C8D-387BD11BB049}.Debug|x86.ActiveCfg = Debug|Win32
		{F5B6500B-FC7F-4A1C-8C8D-387BD11BB049}.Debug|x86.Build.0 = Debug|Win32
		{F5B6500B-FC7F-4A1C-8C8D-387BD11BB049}.Release|x64.ActiveCfg = Release|x64
		{F5B6500B-FC7F-4A1C-8C8D-387BD11BB049}.Release|x64.Build.0 = Release|x64
		{F5B6500B-FC7F-4A1C-8C8D-387BD11BB049}.Release|x86.ActiveCfg = Release|Win32
		{F5B6500B-FC7F-4A1C-8C8D-387BD11BB049}.Release|x86.Build.0 = Release|Win32
		{4B0AAF51-301B-45ED-B9EC-6B3089327B4D}.Debug|x64.ActiveCfg = Debug|x64
		{4B0AAF51-301B-45ED-B9EC-6B3089327B4D}.Debug|x64.Build.0 = Debug|x64
		{4B0AAF51-301B-45ED-B9EC-6B3089327B4D}.Debug|x86.ActiveCfg = Debug|Win32
		{4B0AAF51-301B-45ED-B9EC-6B3089327B4D}.Debug|x86.Build.0 = Debug|Win32
		{4B0AAF51-301B-45ED-B9EC-6B3089327B4D}.Release|x64.ActiveCfg = Release|x64
		{4B0AAF51-301B-45ED-B9EC-6B3089327B4D}.Release|x64.Build.0 = Release|x64
		{4B0AAF51-301B-45ED-B9EC-6B3089327B4D}.Release|x86.ActiveCfg = Release|Win32
		{4B0AAF51-301B-45ED-B9EC-6B3089327B4D}.Release|x86.Build.0 = Release|Win32
		{B5E4AA2C-1C3E-4E17-9701-47F4C75209C9}.Debug|x64.ActiveCfg = Debug|x64
		{B5E4AA2C-1C3E-4E17-9701-47F4C75209C9}.Debug|x64.Build.0 = Debug|x64
		{B5E4AA2C-1C3E-4E17-9701-47F4C75209C9}.Debug|x86.ActiveCfg = Debug|Win32
		{B5E4AA2C-1C3E-4E17-9701-47F4C75209C9}.Debug|x86.Build.0 = Debug|Win32
		{B5E4AA2C-1C3E-4E17-9701-47F4C75209C9}.Release|x64.ActiveCfg = Release|x64
		{B5E4AA2C-1C3E-4E17-9701-47F4C75209C9}.Release|x64.Build.0 = Release|x64
		{B5E4AA2C-1C3E-4E17-9701-47F4C75209C9}.Release|x86.ActiveCfg = Release|Win32
		{B5E4AA2C-1C3E-4E17-9701-47F4C75209C9}.Release|x86.Build.0 = Release|Win32
		{4C55375A-D23F-4C91-B896-7F8665901449}.Debug|x64.ActiveCfg = Debug|x64
		{4C55375A-D23F-4C91-B896-7F8665901449}.Debug|x64.Build.0 = Debug|x64
		{4C55375A-D23F-4C91-B896-7F8665901449}.Debug|x86.ActiveCfg = Debug|Win32
		{4C55375A-D23F-4C91-B896-7F8665901449}.Debug|x86.Build.0 = Debug|Win32
		{4C55375A-D23F-4C91-B896-7F8665901449}.Release|x64.ActiveCfg = Release|x64
		{4C55375A-D23F-4C91-B896-7F8665901449}.Release|x64.Build.0 = Release|x64
		{4C55375A-D23F-4C91-B896-7F8665901449}.Release|x86.ActiveCfg = Release|Win32
		{4C55375A-D23F-4C91-B896-7F8665901449}.Release|x86.Build.0 = Release|Win32
		{FC7F00B5-ADE5-4653-BAEE-3BC52AE4816B}.Debug|x64.ActiveCfg = Debug|x64
		{FC7F00B5-ADE5-4653-BAEE-3BC52AE4816B}.Debug|x64.Build.0 = Debug|x64
		{FC7F00B5-ADE5-4653-BAEE-3BC52AE4816B}.Debug|x86.ActiveCfg = Debug|Win32
		{FC7F00B5-ADE5-4653-BAEE-3BC52AE4816B}.Debug|x86.Build.0 = Debug|Win32
		{FC7F00B5-ADE5-4653-BAEE-3BC52AE4816B}.Release|x64.ActiveCfg = Release|x64
		{FC7F00B5-ADE5-4653-BAEE-3BC52AE4816B}.Release|x64.Build.0 = Release|x64
		{FC7F00B5-ADE5-4653-BAEE-3BC52AE4816B}.Release|x86.ActiveCfg = Release|Win32
		{FC7F00B5-ADE5-4653-BAEE-3BC52AE4816B}.Release|x86.Build.0 = Release|Win32
	EndGlobalSection
	GlobalSection(SolutionProperties) = preSolution
		HideSolutionNode = FALSE
	EndGlobalSection
	GlobalSection(ExtensibilityGlobals) = postSolution
		SolutionGuid = {50C408E9-4C1B-4F30-80EE-A9E2FD51F74D}
	EndGlobalSection
EndGlobal
